
Microsoft Visual Studio Solution File, Format Version 12.00
# Visual Studio Version 17
VisualStudioVersion = 17.10.35013.160
MinimumVisualStudioVersion = 10.0.40219.1
Project("{2150E333-8FDC-42A3-9474-1A3956D46DE8}") = "Task0", "Task0", "{EDC87304-C5D4-4792-8B4B-6641284CA9BA}"
EndProject
Project("{9A19103F-16F7-4668-BE54-9A1E7A4F7556}") = "Tyuiu.SenachevAV.Sprint1.Task0.V16", "Tyuiu.SenachevAV.Sprint1.Task0.V16\Tyuiu.SenachevAV.Sprint1.Task0.V16.csproj", "{C6A1FC23-143B-4958-9695-9EA7E63CE43D}"
EndProject
Project("{9A19103F-16F7-4668-BE54-9A1E7A4F7556}") = "Tyuiu.SenachevAV.Sprint1.Task0.V16.Test", "Tyuiu.SenachevAV.Sprint1.Task0.V16.Test\Tyuiu.SenachevAV.Sprint1.Task0.V16.Test.csproj", "{4CE1AFD4-B1F8-4EA3-BD59-13706EFC7721}"
EndProject
Project("{9A19103F-16F7-4668-BE54-9A1E7A4F7556}") = "Tyuiu.SenachevAV.Sprint1.Task0.V16.Lib", "Tyuiu.SenachevAV.Sprint1.Task0.V16.Lib\Tyuiu.SenachevAV.Sprint1.Task0.V16.Lib.csproj", "{C398DE48-8FE8-4DEE-99B9-E05370AF0292}"
EndProject
Project("{2150E333-8FDC-42A3-9474-1A3956D46DE8}") = "Task1", "Task1", "{2F48CADC-6AE5-4501-8E60-84BC67DB0571}"
EndProject
Project("{2150E333-8FDC-42A3-9474-1A3956D46DE8}") = "Task2", "Task2", "{B7FE99BC-311F-4A04-A8E3-1D63E2AA57EB}"
EndProject
Project("{2150E333-8FDC-42A3-9474-1A3956D46DE8}") = "Task3", "Task3", "{CB615AFD-ABE4-4682-8986-6989CFEF9DBA}"
EndProject
Project("{2150E333-8FDC-42A3-9474-1A3956D46DE8}") = "Task4", "Task4", "{63E3DC76-266C-4130-A224-138E0496B0BA}"
EndProject
Project("{2150E333-8FDC-42A3-9474-1A3956D46DE8}") = "Task5", "Task5", "{49E81117-256C-4A0C-92AF-2562D74C9F0B}"
EndProject
Project("{2150E333-8FDC-42A3-9474-1A3956D46DE8}") = "Task6", "Task6", "{D32D2059-2AFB-413F-A87F-5CF33EB6456A}"
EndProject
Project("{2150E333-8FDC-42A3-9474-1A3956D46DE8}") = "Task7", "Task7", "{FB684D94-8E04-446C-BDE8-708A1092B53F}"
EndProject
Project("{9A19103F-16F7-4668-BE54-9A1E7A4F7556}") = "Tyuiu.SenachevAV.Sprint1.Task1.V1", "Tyuiu.SenachevAV.Sprint1.Task1.V1\Tyuiu.SenachevAV.Sprint1.Task1.V1.csproj", "{42B87744-E3D3-498A-A8AC-E2AC7392C75F}"
EndProject
Project("{9A19103F-16F7-4668-BE54-9A1E7A4F7556}") = "Tyuiu.SenachevAV.Sprint1.Task1.V1.Lib", "Tyuiu.SenachevAV.Sprint1.Task1.V1.Lib\Tyuiu.SenachevAV.Sprint1.Task1.V1.Lib.csproj", "{9B70C900-2A75-4C9C-B733-619A1DE0B805}"
EndProject
Project("{9A19103F-16F7-4668-BE54-9A1E7A4F7556}") = "Tyuiu.SenachevAV.Sprint1.Task1.V1.Test", "Tyuiu.SenachevAV.Sprint1.Task1.V1.Test\Tyuiu.SenachevAV.Sprint1.Task1.V1.Test.csproj", "{5CF09DD0-D310-4E2B-9D72-9C623CC9E434}"
EndProject
Project("{9A19103F-16F7-4668-BE54-9A1E7A4F7556}") = "Tyuiu.SenachevAV.Sprint1.Task2.V19", "Tyuiu.SenachevAV.Sprint1.Task2.V19\Tyuiu.SenachevAV.Sprint1.Task2.V19.csproj", "{43D5E6CE-6EA2-4862-B775-BACB0F0348D9}"
EndProject
Project("{9A19103F-16F7-4668-BE54-9A1E7A4F7556}") = "Tyuiu.SenachevAV.Sprint1.Task2.V19Test", "Tyuiu.SenachevAV.Sprint1.Task2.V19Test\Tyuiu.SenachevAV.Sprint1.Task2.V19Test.csproj", "{169D0039-BC0E-4DA9-B520-F41BD91F147B}"
EndProject
Project("{9A19103F-16F7-4668-BE54-9A1E7A4F7556}") = "Tyuiu.SenachevAV.Sprint1.Task2.V19.Lib", "Tyuiu.SenachevAV.Sprint1.Task2.V19.Lib\Tyuiu.SenachevAV.Sprint1.Task2.V19.Lib.csproj", "{818045FC-2DF4-41E0-972A-4C88CC3EDE67}"
EndProject
Project("{FAE04EC0-301F-11D3-BF4B-00C04F79EFBC}") = "Tyuiu.SenachevAV.Sprint1.Task3.V3", "Tyuiu.SenachevAV.Sprint1.Task3.V3\Tyuiu.SenachevAV.Sprint1.Task3.V3.csproj", "{8855866E-A3BA-4E44-A4AE-3D7714810017}"
EndProject
Project("{FAE04EC0-301F-11D3-BF4B-00C04F79EFBC}") = "Tyuiu.SenachevAV.Sprint1.Task3.V3.Lib", "Tyuiu.SenachevAV.Sprint1.Task3.V3.Lib\Tyuiu.SenachevAV.Sprint1.Task3.V3.Lib.csproj", "{4B7045AF-2154-4392-A055-59F5605946A9}"
EndProject
Project("{FAE04EC0-301F-11D3-BF4B-00C04F79EFBC}") = "Tyuiu.SenachevAV.Sprint1.Task3.V3.Test", "Tyuiu.SenachevAV.Sprint1.Task3.V3.Test\Tyuiu.SenachevAV.Sprint1.Task3.V3.Test.csproj", "{0D124607-0271-4239-85A8-150752D6431E}"
EndProject
Global
	GlobalSection(SolutionConfigurationPlatforms) = preSolution
		Debug|Any CPU = Debug|Any CPU
		Release|Any CPU = Release|Any CPU
	EndGlobalSection
	GlobalSection(ProjectConfigurationPlatforms) = postSolution
		{C6A1FC23-143B-4958-9695-9EA7E63CE43D}.Debug|Any CPU.ActiveCfg = Debug|Any CPU
		{C6A1FC23-143B-4958-9695-9EA7E63CE43D}.Debug|Any CPU.Build.0 = Debug|Any CPU
		{C6A1FC23-143B-4958-9695-9EA7E63CE43D}.Release|Any CPU.ActiveCfg = Release|Any CPU
		{C6A1FC23-143B-4958-9695-9EA7E63CE43D}.Release|Any CPU.Build.0 = Release|Any CPU
		{4CE1AFD4-B1F8-4EA3-BD59-13706EFC7721}.Debug|Any CPU.ActiveCfg = Debug|Any CPU
		{4CE1AFD4-B1F8-4EA3-BD59-13706EFC7721}.Debug|Any CPU.Build.0 = Debug|Any CPU
		{4CE1AFD4-B1F8-4EA3-BD59-13706EFC7721}.Release|Any CPU.ActiveCfg = Release|Any CPU
		{4CE1AFD4-B1F8-4EA3-BD59-13706EFC7721}.Release|Any CPU.Build.0 = Release|Any CPU
		{C398DE48-8FE8-4DEE-99B9-E05370AF0292}.Debug|Any CPU.ActiveCfg = Debug|Any CPU
		{C398DE48-8FE8-4DEE-99B9-E05370AF0292}.Debug|Any CPU.Build.0 = Debug|Any CPU
		{C398DE48-8FE8-4DEE-99B9-E05370AF0292}.Release|Any CPU.ActiveCfg = Release|Any CPU
		{C398DE48-8FE8-4DEE-99B9-E05370AF0292}.Release|Any CPU.Build.0 = Release|Any CPU
		{42B87744-E3D3-498A-A8AC-E2AC7392C75F}.Debug|Any CPU.ActiveCfg = Debug|Any CPU
		{42B87744-E3D3-498A-A8AC-E2AC7392C75F}.Debug|Any CPU.Build.0 = Debug|Any CPU
		{42B87744-E3D3-498A-A8AC-E2AC7392C75F}.Release|Any CPU.ActiveCfg = Release|Any CPU
		{42B87744-E3D3-498A-A8AC-E2AC7392C75F}.Release|Any CPU.Build.0 = Release|Any CPU
		{9B70C900-2A75-4C9C-B733-619A1DE0B805}.Debug|Any CPU.ActiveCfg = Debug|Any CPU
		{9B70C900-2A75-4C9C-B733-619A1DE0B805}.Debug|Any CPU.Build.0 = Debug|Any CPU
		{9B70C900-2A75-4C9C-B733-619A1DE0B805}.Release|Any CPU.ActiveCfg = Release|Any CPU
		{9B70C900-2A75-4C9C-B733-619A1DE0B805}.Release|Any CPU.Build.0 = Release|Any CPU
		{5CF09DD0-D310-4E2B-9D72-9C623CC9E434}.Debug|Any CPU.ActiveCfg = Debug|Any CPU
		{5CF09DD0-D310-4E2B-9D72-9C623CC9E434}.Debug|Any CPU.Build.0 = Debug|Any CPU
		{5CF09DD0-D310-4E2B-9D72-9C623CC9E434}.Release|Any CPU.ActiveCfg = Release|Any CPU
		{5CF09DD0-D310-4E2B-9D72-9C623CC9E434}.Release|Any CPU.Build.0 = Release|Any CPU
		{43D5E6CE-6EA2-4862-B775-BACB0F0348D9}.Debug|Any CPU.ActiveCfg = Debug|Any CPU
		{43D5E6CE-6EA2-4862-B775-BACB0F0348D9}.Debug|Any CPU.Build.0 = Debug|Any CPU
		{43D5E6CE-6EA2-4862-B775-BACB0F0348D9}.Release|Any CPU.ActiveCfg = Release|Any CPU
		{43D5E6CE-6EA2-4862-B775-BACB0F0348D9}.Release|Any CPU.Build.0 = Release|Any CPU
		{169D0039-BC0E-4DA9-B520-F41BD91F147B}.Debug|Any CPU.ActiveCfg = Debug|Any CPU
		{169D0039-BC0E-4DA9-B520-F41BD91F147B}.Debug|Any CPU.Build.0 = Debug|Any CPU
		{169D0039-BC0E-4DA9-B520-F41BD91F147B}.Release|Any CPU.ActiveCfg = Release|Any CPU
		{169D0039-BC0E-4DA9-B520-F41BD91F147B}.Release|Any CPU.Build.0 = Release|Any CPU
		{818045FC-2DF4-41E0-972A-4C88CC3EDE67}.Debug|Any CPU.ActiveCfg = Debug|Any CPU
		{818045FC-2DF4-41E0-972A-4C88CC3EDE67}.Debug|Any CPU.Build.0 = Debug|Any CPU
		{818045FC-2DF4-41E0-972A-4C88CC3EDE67}.Release|Any CPU.ActiveCfg = Release|Any CPU
		{818045FC-2DF4-41E0-972A-4C88CC3EDE67}.Release|Any CPU.Build.0 = Release|Any CPU
		{8855866E-A3BA-4E44-A4AE-3D7714810017}.Debug|Any CPU.ActiveCfg = Debug|Any CPU
		{8855866E-A3BA-4E44-A4AE-3D7714810017}.Debug|Any CPU.Build.0 = Debug|Any CPU
		{8855866E-A3BA-4E44-A4AE-3D7714810017}.Release|Any CPU.ActiveCfg = Release|Any CPU
		{8855866E-A3BA-4E44-A4AE-3D7714810017}.Release|Any CPU.Build.0 = Release|Any CPU
		{4B7045AF-2154-4392-A055-59F5605946A9}.Debug|Any CPU.ActiveCfg = Debug|Any CPU
		{4B7045AF-2154-4392-A055-59F5605946A9}.Debug|Any CPU.Build.0 = Debug|Any CPU
		{4B7045AF-2154-4392-A055-59F5605946A9}.Release|Any CPU.ActiveCfg = Release|Any CPU
		{4B7045AF-2154-4392-A055-59F5605946A9}.Release|Any CPU.Build.0 = Release|Any CPU
		{0D124607-0271-4239-85A8-150752D6431E}.Debug|Any CPU.ActiveCfg = Debug|Any CPU
		{0D124607-0271-4239-85A8-150752D6431E}.Debug|Any CPU.Build.0 = Debug|Any CPU
		{0D124607-0271-4239-85A8-150752D6431E}.Release|Any CPU.ActiveCfg = Release|Any CPU
		{0D124607-0271-4239-85A8-150752D6431E}.Release|Any CPU.Build.0 = Release|Any CPU
	EndGlobalSection
	GlobalSection(SolutionProperties) = preSolution
		HideSolutionNode = FALSE
	EndGlobalSection
	GlobalSection(NestedProjects) = preSolution
		{C6A1FC23-143B-4958-9695-9EA7E63CE43D} = {EDC87304-C5D4-4792-8B4B-6641284CA9BA}
		{4CE1AFD4-B1F8-4EA3-BD59-13706EFC7721} = {EDC87304-C5D4-4792-8B4B-6641284CA9BA}
		{C398DE48-8FE8-4DEE-99B9-E05370AF0292} = {EDC87304-C5D4-4792-8B4B-6641284CA9BA}
		{42B87744-E3D3-498A-A8AC-E2AC7392C75F} = {2F48CADC-6AE5-4501-8E60-84BC67DB0571}
		{9B70C900-2A75-4C9C-B733-619A1DE0B805} = {2F48CADC-6AE5-4501-8E60-84BC67DB0571}
		{5CF09DD0-D310-4E2B-9D72-9C623CC9E434} = {2F48CADC-6AE5-4501-8E60-84BC67DB0571}
		{43D5E6CE-6EA2-4862-B775-BACB0F0348D9} = {B7FE99BC-311F-4A04-A8E3-1D63E2AA57EB}
		{169D0039-BC0E-4DA9-B520-F41BD91F147B} = {B7FE99BC-311F-4A04-A8E3-1D63E2AA57EB}
		{818045FC-2DF4-41E0-972A-4C88CC3EDE67} = {B7FE99BC-311F-4A04-A8E3-1D63E2AA57EB}
		{8855866E-A3BA-4E44-A4AE-3D7714810017} = {CB615AFD-ABE4-4682-8986-6989CFEF9DBA}
		{4B7045AF-2154-4392-A055-59F5605946A9} = {CB615AFD-ABE4-4682-8986-6989CFEF9DBA}
		{0D124607-0271-4239-85A8-150752D6431E} = {CB615AFD-ABE4-4682-8986-6989CFEF9DBA}
	EndGlobalSection
	GlobalSection(ExtensibilityGlobals) = postSolution
		SolutionGuid = {34F3C572-8A3B-4202-B7B4-32803FB3A6CF}
	EndGlobalSection
EndGlobal
