
Microsoft Visual Studio Solution File, Format Version 12.00
# Visual Studio Version 17
VisualStudioVersion = 17.10.35013.160
MinimumVisualStudioVersion = 10.0.40219.1
Project("{2150E333-8FDC-42A3-9474-1A3956D46DE8}") = "Task0", "Task0", "{EDC87304-C5D4-4792-8B4B-6641284CA9BA}"
EndProject
Project("{9A19103F-16F7-4668-BE54-9A1E7A4F7556}") = "Tyuiu.SenachevAV.Sprint1.Task0.V16", "Tyuiu.SenachevAV.Sprint1.Task0.V16\Tyuiu.SenachevAV.Sprint1.Task0.V16.csproj", "{C6A1FC23-143B-4958-9695-9EA7E63CE43D}"
EndProject
Project("{9A19103F-16F7-4668-BE54-9A1E7A4F7556}") = "Tyuiu.SenachevAV.Sprint1.Task0.V16.Test", "Tyuiu.SenachevAV.Sprint1.Task0.V16.Test\Tyuiu.SenachevAV.Sprint1.Task0.V16.Test.csproj", "{4CE1AFD4-B1F8-4EA3-BD59-13706EFC7721}"
EndProject
Project("{9A19103F-16F7-4668-BE54-9A1E7A4F7556}") = "Tyuiu.SenachevAV.Sprint1.Task0.V16.Lib", "Tyuiu.SenachevAV.Sprint1.Task0.V16.Lib\Tyuiu.SenachevAV.Sprint1.Task0.V16.Lib.csproj", "{C398DE48-8FE8-4DEE-99B9-E05370AF0292}"
EndProject
Project("{2150E333-8FDC-42A3-9474-1A3956D46DE8}") = "Task1", "Task1", "{2F48CADC-6AE5-4501-8E60-84BC67DB0571}"
EndProject
Project("{2150E333-8FDC-42A3-9474-1A3956D46DE8}") = "Task2", "Task2", "{B7FE99BC-311F-4A04-A8E3-1D63E2AA57EB}"
EndProject
Project("{2150E333-8FDC-42A3-9474-1A3956D46DE8}") = "Task3", "Task3", "{CB615AFD-ABE4-4682-8986-6989CFEF9DBA}"
EndProject
Project("{2150E333-8FDC-42A3-9474-1A3956D46DE8}") = "Task4", "Task4", "{63E3DC76-266C-4130-A224-138E0496B0BA}"
EndProject
Project("{2150E333-8FDC-42A3-9474-1A3956D46DE8}") = "Task5", "Task5", "{49E81117-256C-4A0C-92AF-2562D74C9F0B}"
EndProject
Project("{2150E333-8FDC-42A3-9474-1A3956D46DE8}") = "Task6", "Task6", "{D32D2059-2AFB-413F-A87F-5CF33EB6456A}"
EndProject
Project("{2150E333-8FDC-42A3-9474-1A3956D46DE8}") = "Task7", "Task7", "{FB684D94-8E04-446C-BDE8-708A1092B53F}"
EndProject
Project("{9A19103F-16F7-4668-BE54-9A1E7A4F7556}") = "Tyuiu.SenachevAV.Sprint1.Task1.V1", "Tyuiu.SenachevAV.Sprint1.Task1.V1\Tyuiu.SenachevAV.Sprint1.Task1.V1.csproj", "{42B87744-E3D3-498A-A8AC-E2AC7392C75F}"
EndProject
Project("{9A19103F-16F7-4668-BE54-9A1E7A4F7556}") = "Tyuiu.SenachevAV.Sprint1.Task1.V1.Lib", "Tyuiu.SenachevAV.Sprint1.Task1.V1.Lib\Tyuiu.SenachevAV.Sprint1.Task1.V1.Lib.csproj", "{9B70C900-2A75-4C9C-B733-619A1DE0B805}"
EndProject
Project("{9A19103F-16F7-4668-BE54-9A1E7A4F7556}") = "Tyuiu.SenachevAV.Sprint1.Task1.V1.Test", "Tyuiu.SenachevAV.Sprint1.Task1.V1.Test\Tyuiu.SenachevAV.Sprint1.Task1.V1.Test.csproj", "{5CF09DD0-D310-4E2B-9D72-9C623CC9E434}"
EndProject
Project("{9A19103F-16F7-4668-BE54-9A1E7A4F7556}") = "Tyuiu.SenachevAV.Sprint1.Task2.V19", "Tyuiu.SenachevAV.Sprint1.Task2.V19\Tyuiu.SenachevAV.Sprint1.Task2.V19.csproj", "{43D5E6CE-6EA2-4862-B775-BACB0F0348D9}"
EndProject
Project("{9A19103F-16F7-4668-BE54-9A1E7A4F7556}") = "Tyuiu.SenachevAV.Sprint1.Task2.V19Test", "Tyuiu.SenachevAV.Sprint1.Task2.V19Test\Tyuiu.SenachevAV.Sprint1.Task2.V19Test.csproj", "{169D0039-BC0E-4DA9-B520-F41BD91F147B}"
EndProject
Project("{9A19103F-16F7-4668-BE54-9A1E7A4F7556}") = "Tyuiu.SenachevAV.Sprint1.Task2.V19.Lib", "Tyuiu.SenachevAV.Sprint1.Task2.V19.Lib\Tyuiu.SenachevAV.Sprint1.Task2.V19.Lib.csproj", "{818045FC-2DF4-41E0-972A-4C88CC3EDE67}"
EndProject
Project("{9A19103F-16F7-4668-BE54-9A1E7A4F7556}") = "Tyuiu.SenachevAV.Sprint1.Task3.V3", "Tyuiu.SenachevAV.Sprint1.Task3.V3\Tyuiu.SenachevAV.Sprint1.Task3.V3.csproj", "{8855866E-A3BA-4E44-A4AE-3D7714810017}"
EndProject
Project("{9A19103F-16F7-4668-BE54-9A1E7A4F7556}") = "Tyuiu.SenachevAV.Sprint1.Task3.V3.Lib", "Tyuiu.SenachevAV.Sprint1.Task3.V3.Lib\Tyuiu.SenachevAV.Sprint1.Task3.V3.Lib.csproj", "{4B7045AF-2154-4392-A055-59F5605946A9}"
EndProject
Project("{9A19103F-16F7-4668-BE54-9A1E7A4F7556}") = "Tyuiu.SenachevAV.Sprint1.Task3.V3.Test", "Tyuiu.SenachevAV.Sprint1.Task3.V3.Test\Tyuiu.SenachevAV.Sprint1.Task3.V3.Test.csproj", "{0D124607-0271-4239-85A8-150752D6431E}"
EndProject
Project("{9A19103F-16F7-4668-BE54-9A1E7A4F7556}") = "Tyuiu.SenachevAV.Sprint1.Task4.V18", "Tyuiu.SenachevAV.Sprint1.Task4.V18\Tyuiu.SenachevAV.Sprint1.Task4.V18.csproj", "{F418B761-1CF1-4100-9910-63225EA8CAB0}"
EndProject
Project("{9A19103F-16F7-4668-BE54-9A1E7A4F7556}") = "Tyuiu.SenachevAV.Sprint1.Task4.V18.Test", "Tyuiu.SenachevAV.Sprint1.Task4.V18.Test\Tyuiu.SenachevAV.Sprint1.Task4.V18.Test.csproj", "{6A4AD3D3-FE98-4907-82C9-37DB71C17419}"
EndProject
Project("{9A19103F-16F7-4668-BE54-9A1E7A4F7556}") = "Tyuiu.SenachevAV.Sprint1.Task4.V18.Lib", "Tyuiu.SenachevAV.Sprint1.Task4.V18.Lib\Tyuiu.SenachevAV.Sprint1.Task4.V18.Lib.csproj", "{440DB2F8-69E8-4EB9-9878-ACEA21537612}"
EndProject
Project("{9A19103F-16F7-4668-BE54-9A1E7A4F7556}") = "Tyuiu.SenachevAV.Sprint1.Task5.V1", "Tyuiu.SenachevAV.Sprint1.Task5.V1\Tyuiu.SenachevAV.Sprint1.Task5.V1.csproj", "{8F58AF1F-5321-4B0B-9EF3-C49F9C8F8E9B}"
EndProject
Project("{9A19103F-16F7-4668-BE54-9A1E7A4F7556}") = "Tyuiu.SenachevAV.Sprint1.Task5.V1.Lib", "Tyuiu.SenachevAV.Sprint1.Task5.V1.Lib\Tyuiu.SenachevAV.Sprint1.Task5.V1.Lib.csproj", "{B946B485-7917-42EB-8D1D-D9B15D5F7418}"
EndProject
Project("{9A19103F-16F7-4668-BE54-9A1E7A4F7556}") = "Tyuiu.SenachevAV.Sprint1.Task5.V1.Test", "Tyuiu.SenachevAV.Sprint1.Task5.V1.Test\Tyuiu.SenachevAV.Sprint1.Task5.V1.Test.csproj", "{5779BFCF-26B9-4A37-8F59-16E950A17CA9}"
EndProject
Project("{9A19103F-16F7-4668-BE54-9A1E7A4F7556}") = "Tyuiu.SenachevAV.Sprint1.Task6.V4", "Tyuiu.SenachevAV.Sprint1.Task6.V4\Tyuiu.SenachevAV.Sprint1.Task6.V4.csproj", "{35E5C276-021A-4DC0-A951-B750A81295AB}"
EndProject
Project("{9A19103F-16F7-4668-BE54-9A1E7A4F7556}") = "Tyuiu.SenachevAV.Sprint1.Task6.V4.Lib", "Tyuiu.SenachevAV.Sprint1.Task6.V4.Lib\Tyuiu.SenachevAV.Sprint1.Task6.V4.Lib.csproj", "{D3806851-4BAE-4153-B4BC-136C94444E04}"
EndProject
Project("{9A19103F-16F7-4668-BE54-9A1E7A4F7556}") = "Tyuiu.SenachevAV.Sprint1.Task6.V4.Test", "Tyuiu.SenachevAV.Sprint1.Task6.V4.Test\Tyuiu.SenachevAV.Sprint1.Task6.V4.Test.csproj", "{756D5788-BAA5-41FC-9F90-8EBB52FDA0E1}"
EndProject
Project("{FAE04EC0-301F-11D3-BF4B-00C04F79EFBC}") = "Tyuiu.SenachevAV.Sprint1.Task7.V24", "Tyuiu.SenachevAV.Sprint1.Task7.V24\Tyuiu.SenachevAV.Sprint1.Task7.V24.csproj", "{09F37C19-7FF8-4A9D-8E73-69B9B5591087}"
EndProject
Project("{FAE04EC0-301F-11D3-BF4B-00C04F79EFBC}") = "Tyuiu.SenachevAV.Sprint1.Task7.V24.Lib", "Tyuiu.SenachevAV.Sprint1.Task7.V24.Lib\Tyuiu.SenachevAV.Sprint1.Task7.V24.Lib.csproj", "{C7DAD785-443F-466D-8773-A016F1956BE4}"
EndProject
Project("{FAE04EC0-301F-11D3-BF4B-00C04F79EFBC}") = "Tyuiu.SenachevAV.Sprint1.Task7.V24.Test", "Tyuiu.SenachevAV.Sprint1.Task7.V24.Test\Tyuiu.SenachevAV.Sprint1.Task7.V24.Test.csproj", "{2966CA5B-BC05-4E35-AC96-3AA7D39E000A}"
EndProject
Global
	GlobalSection(SolutionConfigurationPlatforms) = preSolution
		Debug|Any CPU = Debug|Any CPU
		Debug|x64 = Debug|x64
		Release|Any CPU = Release|Any CPU
		Release|x64 = Release|x64
	EndGlobalSection
	GlobalSection(ProjectConfigurationPlatforms) = postSolution
		{C6A1FC23-143B-4958-9695-9EA7E63CE43D}.Debug|Any CPU.ActiveCfg = Debug|Any CPU
		{C6A1FC23-143B-4958-9695-9EA7E63CE43D}.Debug|Any CPU.Build.0 = Debug|Any CPU
		{C6A1FC23-143B-4958-9695-9EA7E63CE43D}.Debug|x64.ActiveCfg = Debug|Any CPU
		{C6A1FC23-143B-4958-9695-9EA7E63CE43D}.Debug|x64.Build.0 = Debug|Any CPU
		{C6A1FC23-143B-4958-9695-9EA7E63CE43D}.Release|Any CPU.ActiveCfg = Release|Any CPU
		{C6A1FC23-143B-4958-9695-9EA7E63CE43D}.Release|Any CPU.Build.0 = Release|Any CPU
		{C6A1FC23-143B-4958-9695-9EA7E63CE43D}.Release|x64.ActiveCfg = Release|Any CPU
		{C6A1FC23-143B-4958-9695-9EA7E63CE43D}.Release|x64.Build.0 = Release|Any CPU
		{4CE1AFD4-B1F8-4EA3-BD59-13706EFC7721}.Debug|Any CPU.ActiveCfg = Debug|Any CPU
		{4CE1AFD4-B1F8-4EA3-BD59-13706EFC7721}.Debug|Any CPU.Build.0 = Debug|Any CPU
		{4CE1AFD4-B1F8-4EA3-BD59-13706EFC7721}.Debug|x64.ActiveCfg = Debug|Any CPU
		{4CE1AFD4-B1F8-4EA3-BD59-13706EFC7721}.Debug|x64.Build.0 = Debug|Any CPU
		{4CE1AFD4-B1F8-4EA3-BD59-13706EFC7721}.Release|Any CPU.ActiveCfg = Release|Any CPU
		{4CE1AFD4-B1F8-4EA3-BD59-13706EFC7721}.Release|Any CPU.Build.0 = Release|Any CPU
		{4CE1AFD4-B1F8-4EA3-BD59-13706EFC7721}.Release|x64.ActiveCfg = Release|Any CPU
		{4CE1AFD4-B1F8-4EA3-BD59-13706EFC7721}.Release|x64.Build.0 = Release|Any CPU
		{C398DE48-8FE8-4DEE-99B9-E05370AF0292}.Debug|Any CPU.ActiveCfg = Debug|Any CPU
		{C398DE48-8FE8-4DEE-99B9-E05370AF0292}.Debug|Any CPU.Build.0 = Debug|Any CPU
		{C398DE48-8FE8-4DEE-99B9-E05370AF0292}.Debug|x64.ActiveCfg = Debug|Any CPU
		{C398DE48-8FE8-4DEE-99B9-E05370AF0292}.Debug|x64.Build.0 = Debug|Any CPU
		{C398DE48-8FE8-4DEE-99B9-E05370AF0292}.Release|Any CPU.ActiveCfg = Release|Any CPU
		{C398DE48-8FE8-4DEE-99B9-E05370AF0292}.Release|Any CPU.Build.0 = Release|Any CPU
		{C398DE48-8FE8-4DEE-99B9-E05370AF0292}.Release|x64.ActiveCfg = Release|Any CPU
		{C398DE48-8FE8-4DEE-99B9-E05370AF0292}.Release|x64.Build.0 = Release|Any CPU
		{42B87744-E3D3-498A-A8AC-E2AC7392C75F}.Debug|Any CPU.ActiveCfg = Debug|Any CPU
		{42B87744-E3D3-498A-A8AC-E2AC7392C75F}.Debug|Any CPU.Build.0 = Debug|Any CPU
		{42B87744-E3D3-498A-A8AC-E2AC7392C75F}.Debug|x64.ActiveCfg = Debug|Any CPU
		{42B87744-E3D3-498A-A8AC-E2AC7392C75F}.Debug|x64.Build.0 = Debug|Any CPU
		{42B87744-E3D3-498A-A8AC-E2AC7392C75F}.Release|Any CPU.ActiveCfg = Release|Any CPU
		{42B87744-E3D3-498A-A8AC-E2AC7392C75F}.Release|Any CPU.Build.0 = Release|Any CPU
		{42B87744-E3D3-498A-A8AC-E2AC7392C75F}.Release|x64.ActiveCfg = Release|Any CPU
		{42B87744-E3D3-498A-A8AC-E2AC7392C75F}.Release|x64.Build.0 = Release|Any CPU
		{9B70C900-2A75-4C9C-B733-619A1DE0B805}.Debug|Any CPU.ActiveCfg = Debug|Any CPU
		{9B70C900-2A75-4C9C-B733-619A1DE0B805}.Debug|Any CPU.Build.0 = Debug|Any CPU
		{9B70C900-2A75-4C9C-B733-619A1DE0B805}.Debug|x64.ActiveCfg = Debug|Any CPU
		{9B70C900-2A75-4C9C-B733-619A1DE0B805}.Debug|x64.Build.0 = Debug|Any CPU
		{9B70C900-2A75-4C9C-B733-619A1DE0B805}.Release|Any CPU.ActiveCfg = Release|Any CPU
		{9B70C900-2A75-4C9C-B733-619A1DE0B805}.Release|Any CPU.Build.0 = Release|Any CPU
		{9B70C900-2A75-4C9C-B733-619A1DE0B805}.Release|x64.ActiveCfg = Release|Any CPU
		{9B70C900-2A75-4C9C-B733-619A1DE0B805}.Release|x64.Build.0 = Release|Any CPU
		{5CF09DD0-D310-4E2B-9D72-9C623CC9E434}.Debug|Any CPU.ActiveCfg = Debug|Any CPU
		{5CF09DD0-D310-4E2B-9D72-9C623CC9E434}.Debug|Any CPU.Build.0 = Debug|Any CPU
		{5CF09DD0-D310-4E2B-9D72-9C623CC9E434}.Debug|x64.ActiveCfg = Debug|Any CPU
		{5CF09DD0-D310-4E2B-9D72-9C623CC9E434}.Debug|x64.Build.0 = Debug|Any CPU
		{5CF09DD0-D310-4E2B-9D72-9C623CC9E434}.Release|Any CPU.ActiveCfg = Release|Any CPU
		{5CF09DD0-D310-4E2B-9D72-9C623CC9E434}.Release|Any CPU.Build.0 = Release|Any CPU
		{5CF09DD0-D310-4E2B-9D72-9C623CC9E434}.Release|x64.ActiveCfg = Release|Any CPU
		{5CF09DD0-D310-4E2B-9D72-9C623CC9E434}.Release|x64.Build.0 = Release|Any CPU
		{43D5E6CE-6EA2-4862-B775-BACB0F0348D9}.Debug|Any CPU.ActiveCfg = Debug|Any CPU
		{43D5E6CE-6EA2-4862-B775-BACB0F0348D9}.Debug|Any CPU.Build.0 = Debug|Any CPU
		{43D5E6CE-6EA2-4862-B775-BACB0F0348D9}.Debug|x64.ActiveCfg = Debug|Any CPU
		{43D5E6CE-6EA2-4862-B775-BACB0F0348D9}.Debug|x64.Build.0 = Debug|Any CPU
		{43D5E6CE-6EA2-4862-B775-BACB0F0348D9}.Release|Any CPU.ActiveCfg = Release|Any CPU
		{43D5E6CE-6EA2-4862-B775-BACB0F0348D9}.Release|Any CPU.Build.0 = Release|Any CPU
		{43D5E6CE-6EA2-4862-B775-BACB0F0348D9}.Release|x64.ActiveCfg = Release|Any CPU
		{43D5E6CE-6EA2-4862-B775-BACB0F0348D9}.Release|x64.Build.0 = Release|Any CPU
		{169D0039-BC0E-4DA9-B520-F41BD91F147B}.Debug|Any CPU.ActiveCfg = Debug|Any CPU
		{169D0039-BC0E-4DA9-B520-F41BD91F147B}.Debug|Any CPU.Build.0 = Debug|Any CPU
		{169D0039-BC0E-4DA9-B520-F41BD91F147B}.Debug|x64.ActiveCfg = Debug|Any CPU
		{169D0039-BC0E-4DA9-B520-F41BD91F147B}.Debug|x64.Build.0 = Debug|Any CPU
		{169D0039-BC0E-4DA9-B520-F41BD91F147B}.Release|Any CPU.ActiveCfg = Release|Any CPU
		{169D0039-BC0E-4DA9-B520-F41BD91F147B}.Release|Any CPU.Build.0 = Release|Any CPU
		{169D0039-BC0E-4DA9-B520-F41BD91F147B}.Release|x64.ActiveCfg = Release|Any CPU
		{169D0039-BC0E-4DA9-B520-F41BD91F147B}.Release|x64.Build.0 = Release|Any CPU
		{818045FC-2DF4-41E0-972A-4C88CC3EDE67}.Debug|Any CPU.ActiveCfg = Debug|Any CPU
		{818045FC-2DF4-41E0-972A-4C88CC3EDE67}.Debug|Any CPU.Build.0 = Debug|Any CPU
		{818045FC-2DF4-41E0-972A-4C88CC3EDE67}.Debug|x64.ActiveCfg = Debug|Any CPU
		{818045FC-2DF4-41E0-972A-4C88CC3EDE67}.Debug|x64.Build.0 = Debug|Any CPU
		{818045FC-2DF4-41E0-972A-4C88CC3EDE67}.Release|Any CPU.ActiveCfg = Release|Any CPU
		{818045FC-2DF4-41E0-972A-4C88CC3EDE67}.Release|Any CPU.Build.0 = Release|Any CPU
		{818045FC-2DF4-41E0-972A-4C88CC3EDE67}.Release|x64.ActiveCfg = Release|Any CPU
		{818045FC-2DF4-41E0-972A-4C88CC3EDE67}.Release|x64.Build.0 = Release|Any CPU
		{8855866E-A3BA-4E44-A4AE-3D7714810017}.Debug|Any CPU.ActiveCfg = Debug|Any CPU
		{8855866E-A3BA-4E44-A4AE-3D7714810017}.Debug|Any CPU.Build.0 = Debug|Any CPU
		{8855866E-A3BA-4E44-A4AE-3D7714810017}.Debug|x64.ActiveCfg = Debug|Any CPU
		{8855866E-A3BA-4E44-A4AE-3D7714810017}.Debug|x64.Build.0 = Debug|Any CPU
		{8855866E-A3BA-4E44-A4AE-3D7714810017}.Release|Any CPU.ActiveCfg = Release|Any CPU
		{8855866E-A3BA-4E44-A4AE-3D7714810017}.Release|Any CPU.Build.0 = Release|Any CPU
		{8855866E-A3BA-4E44-A4AE-3D7714810017}.Release|x64.ActiveCfg = Release|Any CPU
		{8855866E-A3BA-4E44-A4AE-3D7714810017}.Release|x64.Build.0 = Release|Any CPU
		{4B7045AF-2154-4392-A055-59F5605946A9}.Debug|Any CPU.ActiveCfg = Debug|Any CPU
		{4B7045AF-2154-4392-A055-59F5605946A9}.Debug|Any CPU.Build.0 = Debug|Any CPU
		{4B7045AF-2154-4392-A055-59F5605946A9}.Debug|x64.ActiveCfg = Debug|Any CPU
		{4B7045AF-2154-4392-A055-59F5605946A9}.Debug|x64.Build.0 = Debug|Any CPU
		{4B7045AF-2154-4392-A055-59F5605946A9}.Release|Any CPU.ActiveCfg = Release|Any CPU
		{4B7045AF-2154-4392-A055-59F5605946A9}.Release|Any CPU.Build.0 = Release|Any CPU
		{4B7045AF-2154-4392-A055-59F5605946A9}.Release|x64.ActiveCfg = Release|Any CPU
		{4B7045AF-2154-4392-A055-59F5605946A9}.Release|x64.Build.0 = Release|Any CPU
		{0D124607-0271-4239-85A8-150752D6431E}.Debug|Any CPU.ActiveCfg = Debug|Any CPU
		{0D124607-0271-4239-85A8-150752D6431E}.Debug|Any CPU.Build.0 = Debug|Any CPU
		{0D124607-0271-4239-85A8-150752D6431E}.Debug|x64.ActiveCfg = Debug|Any CPU
		{0D124607-0271-4239-85A8-150752D6431E}.Debug|x64.Build.0 = Debug|Any CPU
		{0D124607-0271-4239-85A8-150752D6431E}.Release|Any CPU.ActiveCfg = Release|Any CPU
		{0D124607-0271-4239-85A8-150752D6431E}.Release|Any CPU.Build.0 = Release|Any CPU
		{0D124607-0271-4239-85A8-150752D6431E}.Release|x64.ActiveCfg = Release|Any CPU
		{0D124607-0271-4239-85A8-150752D6431E}.Release|x64.Build.0 = Release|Any CPU
		{F418B761-1CF1-4100-9910-63225EA8CAB0}.Debug|Any CPU.ActiveCfg = Debug|Any CPU
		{F418B761-1CF1-4100-9910-63225EA8CAB0}.Debug|Any CPU.Build.0 = Debug|Any CPU
		{F418B761-1CF1-4100-9910-63225EA8CAB0}.Debug|x64.ActiveCfg = Debug|Any CPU
		{F418B761-1CF1-4100-9910-63225EA8CAB0}.Debug|x64.Build.0 = Debug|Any CPU
		{F418B761-1CF1-4100-9910-63225EA8CAB0}.Release|Any CPU.ActiveCfg = Release|Any CPU
		{F418B761-1CF1-4100-9910-63225EA8CAB0}.Release|Any CPU.Build.0 = Release|Any CPU
		{F418B761-1CF1-4100-9910-63225EA8CAB0}.Release|x64.ActiveCfg = Release|Any CPU
		{F418B761-1CF1-4100-9910-63225EA8CAB0}.Release|x64.Build.0 = Release|Any CPU
		{6A4AD3D3-FE98-4907-82C9-37DB71C17419}.Debug|Any CPU.ActiveCfg = Debug|Any CPU
		{6A4AD3D3-FE98-4907-82C9-37DB71C17419}.Debug|Any CPU.Build.0 = Debug|Any CPU
		{6A4AD3D3-FE98-4907-82C9-37DB71C17419}.Debug|x64.ActiveCfg = Debug|Any CPU
		{6A4AD3D3-FE98-4907-82C9-37DB71C17419}.Debug|x64.Build.0 = Debug|Any CPU
		{6A4AD3D3-FE98-4907-82C9-37DB71C17419}.Release|Any CPU.ActiveCfg = Release|Any CPU
		{6A4AD3D3-FE98-4907-82C9-37DB71C17419}.Release|Any CPU.Build.0 = Release|Any CPU
		{6A4AD3D3-FE98-4907-82C9-37DB71C17419}.Release|x64.ActiveCfg = Release|Any CPU
		{6A4AD3D3-FE98-4907-82C9-37DB71C17419}.Release|x64.Build.0 = Release|Any CPU
		{440DB2F8-69E8-4EB9-9878-ACEA21537612}.Debug|Any CPU.ActiveCfg = Debug|Any CPU
		{440DB2F8-69E8-4EB9-9878-ACEA21537612}.Debug|Any CPU.Build.0 = Debug|Any CPU
		{440DB2F8-69E8-4EB9-9878-ACEA21537612}.Debug|x64.ActiveCfg = Debug|Any CPU
		{440DB2F8-69E8-4EB9-9878-ACEA21537612}.Debug|x64.Build.0 = Debug|Any CPU
		{440DB2F8-69E8-4EB9-9878-ACEA21537612}.Release|Any CPU.ActiveCfg = Release|Any CPU
		{440DB2F8-69E8-4EB9-9878-ACEA21537612}.Release|Any CPU.Build.0 = Release|Any CPU
		{440DB2F8-69E8-4EB9-9878-ACEA21537612}.Release|x64.ActiveCfg = Release|Any CPU
		{440DB2F8-69E8-4EB9-9878-ACEA21537612}.Release|x64.Build.0 = Release|Any CPU
		{8F58AF1F-5321-4B0B-9EF3-C49F9C8F8E9B}.Debug|Any CPU.ActiveCfg = Debug|Any CPU
		{8F58AF1F-5321-4B0B-9EF3-C49F9C8F8E9B}.Debug|Any CPU.Build.0 = Debug|Any CPU
		{8F58AF1F-5321-4B0B-9EF3-C49F9C8F8E9B}.Debug|x64.ActiveCfg = Debug|Any CPU
		{8F58AF1F-5321-4B0B-9EF3-C49F9C8F8E9B}.Debug|x64.Build.0 = Debug|Any CPU
		{8F58AF1F-5321-4B0B-9EF3-C49F9C8F8E9B}.Release|Any CPU.ActiveCfg = Release|Any CPU
		{8F58AF1F-5321-4B0B-9EF3-C49F9C8F8E9B}.Release|Any CPU.Build.0 = Release|Any CPU
		{8F58AF1F-5321-4B0B-9EF3-C49F9C8F8E9B}.Release|x64.ActiveCfg = Release|Any CPU
		{8F58AF1F-5321-4B0B-9EF3-C49F9C8F8E9B}.Release|x64.Build.0 = Release|Any CPU
		{B946B485-7917-42EB-8D1D-D9B15D5F7418}.Debug|Any CPU.ActiveCfg = Debug|Any CPU
		{B946B485-7917-42EB-8D1D-D9B15D5F7418}.Debug|Any CPU.Build.0 = Debug|Any CPU
		{B946B485-7917-42EB-8D1D-D9B15D5F7418}.Debug|x64.ActiveCfg = Debug|Any CPU
		{B946B485-7917-42EB-8D1D-D9B15D5F7418}.Debug|x64.Build.0 = Debug|Any CPU
		{B946B485-7917-42EB-8D1D-D9B15D5F7418}.Release|Any CPU.ActiveCfg = Release|Any CPU
		{B946B485-7917-42EB-8D1D-D9B15D5F7418}.Release|Any CPU.Build.0 = Release|Any CPU
		{B946B485-7917-42EB-8D1D-D9B15D5F7418}.Release|x64.ActiveCfg = Release|Any CPU
		{B946B485-7917-42EB-8D1D-D9B15D5F7418}.Release|x64.Build.0 = Release|Any CPU
		{5779BFCF-26B9-4A37-8F59-16E950A17CA9}.Debug|Any CPU.ActiveCfg = Debug|Any CPU
		{5779BFCF-26B9-4A37-8F59-16E950A17CA9}.Debug|Any CPU.Build.0 = Debug|Any CPU
		{5779BFCF-26B9-4A37-8F59-16E950A17CA9}.Debug|x64.ActiveCfg = Debug|Any CPU
		{5779BFCF-26B9-4A37-8F59-16E950A17CA9}.Debug|x64.Build.0 = Debug|Any CPU
		{5779BFCF-26B9-4A37-8F59-16E950A17CA9}.Release|Any CPU.ActiveCfg = Release|Any CPU
		{5779BFCF-26B9-4A37-8F59-16E950A17CA9}.Release|Any CPU.Build.0 = Release|Any CPU
		{5779BFCF-26B9-4A37-8F59-16E950A17CA9}.Release|x64.ActiveCfg = Release|Any CPU
		{5779BFCF-26B9-4A37-8F59-16E950A17CA9}.Release|x64.Build.0 = Release|Any CPU
		{35E5C276-021A-4DC0-A951-B750A81295AB}.Debug|Any CPU.ActiveCfg = Debug|Any CPU
		{35E5C276-021A-4DC0-A951-B750A81295AB}.Debug|Any CPU.Build.0 = Debug|Any CPU
		{35E5C276-021A-4DC0-A951-B750A81295AB}.Debug|x64.ActiveCfg = Debug|Any CPU
		{35E5C276-021A-4DC0-A951-B750A81295AB}.Debug|x64.Build.0 = Debug|Any CPU
		{35E5C276-021A-4DC0-A951-B750A81295AB}.Release|Any CPU.ActiveCfg = Release|Any CPU
		{35E5C276-021A-4DC0-A951-B750A81295AB}.Release|Any CPU.Build.0 = Release|Any CPU
		{35E5C276-021A-4DC0-A951-B750A81295AB}.Release|x64.ActiveCfg = Release|Any CPU
		{35E5C276-021A-4DC0-A951-B750A81295AB}.Release|x64.Build.0 = Release|Any CPU
		{D3806851-4BAE-4153-B4BC-136C94444E04}.Debug|Any CPU.ActiveCfg = Debug|Any CPU
		{D3806851-4BAE-4153-B4BC-136C94444E04}.Debug|Any CPU.Build.0 = Debug|Any CPU
		{D3806851-4BAE-4153-B4BC-136C94444E04}.Debug|x64.ActiveCfg = Debug|Any CPU
		{D3806851-4BAE-4153-B4BC-136C94444E04}.Debug|x64.Build.0 = Debug|Any CPU
		{D3806851-4BAE-4153-B4BC-136C94444E04}.Release|Any CPU.ActiveCfg = Release|Any CPU
		{D3806851-4BAE-4153-B4BC-136C94444E04}.Release|Any CPU.Build.0 = Release|Any CPU
		{D3806851-4BAE-4153-B4BC-136C94444E04}.Release|x64.ActiveCfg = Release|Any CPU
		{D3806851-4BAE-4153-B4BC-136C94444E04}.Release|x64.Build.0 = Release|Any CPU
		{756D5788-BAA5-41FC-9F90-8EBB52FDA0E1}.Debug|Any CPU.ActiveCfg = Debug|Any CPU
		{756D5788-BAA5-41FC-9F90-8EBB52FDA0E1}.Debug|Any CPU.Build.0 = Debug|Any CPU
		{756D5788-BAA5-41FC-9F90-8EBB52FDA0E1}.Debug|x64.ActiveCfg = Debug|Any CPU
		{756D5788-BAA5-41FC-9F90-8EBB52FDA0E1}.Debug|x64.Build.0 = Debug|Any CPU
		{756D5788-BAA5-41FC-9F90-8EBB52FDA0E1}.Release|Any CPU.ActiveCfg = Release|Any CPU
		{756D5788-BAA5-41FC-9F90-8EBB52FDA0E1}.Release|Any CPU.Build.0 = Release|Any CPU
		{756D5788-BAA5-41FC-9F90-8EBB52FDA0E1}.Release|x64.ActiveCfg = Release|Any CPU
		{756D5788-BAA5-41FC-9F90-8EBB52FDA0E1}.Release|x64.Build.0 = Release|Any CPU
		{09F37C19-7FF8-4A9D-8E73-69B9B5591087}.Debug|Any CPU.ActiveCfg = Debug|Any CPU
		{09F37C19-7FF8-4A9D-8E73-69B9B5591087}.Debug|Any CPU.Build.0 = Debug|Any CPU
		{09F37C19-7FF8-4A9D-8E73-69B9B5591087}.Debug|x64.ActiveCfg = Debug|Any CPU
		{09F37C19-7FF8-4A9D-8E73-69B9B5591087}.Debug|x64.Build.0 = Debug|Any CPU
		{09F37C19-7FF8-4A9D-8E73-69B9B5591087}.Release|Any CPU.ActiveCfg = Release|Any CPU
		{09F37C19-7FF8-4A9D-8E73-69B9B5591087}.Release|Any CPU.Build.0 = Release|Any CPU
		{09F37C19-7FF8-4A9D-8E73-69B9B5591087}.Release|x64.ActiveCfg = Release|Any CPU
		{09F37C19-7FF8-4A9D-8E73-69B9B5591087}.Release|x64.Build.0 = Release|Any CPU
		{C7DAD785-443F-466D-8773-A016F1956BE4}.Debug|Any CPU.ActiveCfg = Debug|Any CPU
		{C7DAD785-443F-466D-8773-A016F1956BE4}.Debug|Any CPU.Build.0 = Debug|Any CPU
		{C7DAD785-443F-466D-8773-A016F1956BE4}.Debug|x64.ActiveCfg = Debug|Any CPU
		{C7DAD785-443F-466D-8773-A016F1956BE4}.Debug|x64.Build.0 = Debug|Any CPU
		{C7DAD785-443F-466D-8773-A016F1956BE4}.Release|Any CPU.ActiveCfg = Release|Any CPU
		{C7DAD785-443F-466D-8773-A016F1956BE4}.Release|Any CPU.Build.0 = Release|Any CPU
		{C7DAD785-443F-466D-8773-A016F1956BE4}.Release|x64.ActiveCfg = Release|Any CPU
		{C7DAD785-443F-466D-8773-A016F1956BE4}.Release|x64.Build.0 = Release|Any CPU
		{2966CA5B-BC05-4E35-AC96-3AA7D39E000A}.Debug|Any CPU.ActiveCfg = Debug|Any CPU
		{2966CA5B-BC05-4E35-AC96-3AA7D39E000A}.Debug|Any CPU.Build.0 = Debug|Any CPU
		{2966CA5B-BC05-4E35-AC96-3AA7D39E000A}.Debug|x64.ActiveCfg = Debug|Any CPU
		{2966CA5B-BC05-4E35-AC96-3AA7D39E000A}.Debug|x64.Build.0 = Debug|Any CPU
		{2966CA5B-BC05-4E35-AC96-3AA7D39E000A}.Release|Any CPU.ActiveCfg = Release|Any CPU
		{2966CA5B-BC05-4E35-AC96-3AA7D39E000A}.Release|Any CPU.Build.0 = Release|Any CPU
		{2966CA5B-BC05-4E35-AC96-3AA7D39E000A}.Release|x64.ActiveCfg = Release|Any CPU
		{2966CA5B-BC05-4E35-AC96-3AA7D39E000A}.Release|x64.Build.0 = Release|Any CPU
	EndGlobalSection
	GlobalSection(SolutionProperties) = preSolution
		HideSolutionNode = FALSE
	EndGlobalSection
	GlobalSection(NestedProjects) = preSolution
		{C6A1FC23-143B-4958-9695-9EA7E63CE43D} = {EDC87304-C5D4-4792-8B4B-6641284CA9BA}
		{4CE1AFD4-B1F8-4EA3-BD59-13706EFC7721} = {EDC87304-C5D4-4792-8B4B-6641284CA9BA}
		{C398DE48-8FE8-4DEE-99B9-E05370AF0292} = {EDC87304-C5D4-4792-8B4B-6641284CA9BA}
		{42B87744-E3D3-498A-A8AC-E2AC7392C75F} = {2F48CADC-6AE5-4501-8E60-84BC67DB0571}
		{9B70C900-2A75-4C9C-B733-619A1DE0B805} = {2F48CADC-6AE5-4501-8E60-84BC67DB0571}
		{5CF09DD0-D310-4E2B-9D72-9C623CC9E434} = {2F48CADC-6AE5-4501-8E60-84BC67DB0571}
		{43D5E6CE-6EA2-4862-B775-BACB0F0348D9} = {B7FE99BC-311F-4A04-A8E3-1D63E2AA57EB}
		{169D0039-BC0E-4DA9-B520-F41BD91F147B} = {B7FE99BC-311F-4A04-A8E3-1D63E2AA57EB}
		{818045FC-2DF4-41E0-972A-4C88CC3EDE67} = {B7FE99BC-311F-4A04-A8E3-1D63E2AA57EB}
		{8855866E-A3BA-4E44-A4AE-3D7714810017} = {CB615AFD-ABE4-4682-8986-6989CFEF9DBA}
		{4B7045AF-2154-4392-A055-59F5605946A9} = {CB615AFD-ABE4-4682-8986-6989CFEF9DBA}
		{0D124607-0271-4239-85A8-150752D6431E} = {CB615AFD-ABE4-4682-8986-6989CFEF9DBA}
		{F418B761-1CF1-4100-9910-63225EA8CAB0} = {63E3DC76-266C-4130-A224-138E0496B0BA}
		{6A4AD3D3-FE98-4907-82C9-37DB71C17419} = {63E3DC76-266C-4130-A224-138E0496B0BA}
		{440DB2F8-69E8-4EB9-9878-ACEA21537612} = {63E3DC76-266C-4130-A224-138E0496B0BA}
		{8F58AF1F-5321-4B0B-9EF3-C49F9C8F8E9B} = {49E81117-256C-4A0C-92AF-2562D74C9F0B}
		{B946B485-7917-42EB-8D1D-D9B15D5F7418} = {49E81117-256C-4A0C-92AF-2562D74C9F0B}
		{5779BFCF-26B9-4A37-8F59-16E950A17CA9} = {49E81117-256C-4A0C-92AF-2562D74C9F0B}
		{35E5C276-021A-4DC0-A951-B750A81295AB} = {D32D2059-2AFB-413F-A87F-5CF33EB6456A}
		{D3806851-4BAE-4153-B4BC-136C94444E04} = {D32D2059-2AFB-413F-A87F-5CF33EB6456A}
		{756D5788-BAA5-41FC-9F90-8EBB52FDA0E1} = {D32D2059-2AFB-413F-A87F-5CF33EB6456A}
		{09F37C19-7FF8-4A9D-8E73-69B9B5591087} = {FB684D94-8E04-446C-BDE8-708A1092B53F}
		{C7DAD785-443F-466D-8773-A016F1956BE4} = {FB684D94-8E04-446C-BDE8-708A1092B53F}
		{2966CA5B-BC05-4E35-AC96-3AA7D39E000A} = {FB684D94-8E04-446C-BDE8-708A1092B53F}
	EndGlobalSection
	GlobalSection(ExtensibilityGlobals) = postSolution
		SolutionGuid = {34F3C572-8A3B-4202-B7B4-32803FB3A6CF}
	EndGlobalSection
EndGlobal
